// !$*UTF8*$!
{
	archiveVersion = 1;
	classes = {
	};
	objectVersion = 56;
	objects = {

/* Begin PBXBuildFile section */
		B617CFFB2C9285F300D721E1 /* AppDelegate.swift in Sources */ = {isa = PBXBuildFile; fileRef = B617CFFA2C9285F300D721E1 /* AppDelegate.swift */; };
		B617CFFF2C9285F300D721E1 /* MenuView.swift in Sources */ = {isa = PBXBuildFile; fileRef = B617CFFE2C9285F300D721E1 /* MenuView.swift */; };
		B617D0022C9285F300D721E1 /* Base in Resources */ = {isa = PBXBuildFile; fileRef = B617D0012C9285F300D721E1 /* Base */; };
		B617D0042C9285F400D721E1 /* Assets.xcassets in Resources */ = {isa = PBXBuildFile; fileRef = B617D0032C9285F400D721E1 /* Assets.xcassets */; };
		B617D0072C9285F400D721E1 /* Base in Resources */ = {isa = PBXBuildFile; fileRef = B617D0062C9285F400D721E1 /* Base */; };
		B617D0232C92912F00D721E1 /* RealmSwift in Frameworks */ = {isa = PBXBuildFile; productRef = B617D0222C92912F00D721E1 /* RealmSwift */; };
		B617D0262C9291C400D721E1 /* SnapKit in Frameworks */ = {isa = PBXBuildFile; productRef = B617D0252C9291C400D721E1 /* SnapKit */; };
		B617D0292C9292AA00D721E1 /* RxSwift in Frameworks */ = {isa = PBXBuildFile; productRef = B617D0282C9292AA00D721E1 /* RxSwift */; };
		B617D03D2C92934500D721E1 /* ApiService.swift in Sources */ = {isa = PBXBuildFile; fileRef = B617D03C2C92934500D721E1 /* ApiService.swift */; };
		B617D0432C92947E00D721E1 /* ViewersModel.swift in Sources */ = {isa = PBXBuildFile; fileRef = B617D0422C92947E00D721E1 /* ViewersModel.swift */; };
		B617D0462C9294C800D721E1 /* UsersModel.swift in Sources */ = {isa = PBXBuildFile; fileRef = B617D0452C9294C800D721E1 /* UsersModel.swift */; };
		B617D0482C92987300D721E1 /* RealmSwift in Embed Frameworks */ = {isa = PBXBuildFile; productRef = B617D0222C92912F00D721E1 /* RealmSwift */; settings = {ATTRIBUTES = (CodeSignOnCopy, ); }; };
		B617D04D2C929C5A00D721E1 /* RealmModels.swift in Sources */ = {isa = PBXBuildFile; fileRef = B617D04C2C929C5A00D721E1 /* RealmModels.swift */; };
		B617D0502C929CEE00D721E1 /* RealmManager.swift in Sources */ = {isa = PBXBuildFile; fileRef = B617D04F2C929CEE00D721E1 /* RealmManager.swift */; };
		B617D0E62C92A1D300D721E1 /* Design+View.swift in Sources */ = {isa = PBXBuildFile; fileRef = B617D0E42C92A1D300D721E1 /* Design+View.swift */; };
		B617D0E82C92A1D300D721E1 /* Font+Colors.swift in Sources */ = {isa = PBXBuildFile; fileRef = B617D0E52C92A1D300D721E1 /* Font+Colors.swift */; };
		B617D0EB2C92B7F300D721E1 /* MenuAssembly.swift in Sources */ = {isa = PBXBuildFile; fileRef = B617D0EA2C92B7F300D721E1 /* MenuAssembly.swift */; };
		B617D0EE2C92B87D00D721E1 /* MenuController.swift in Sources */ = {isa = PBXBuildFile; fileRef = B617D0ED2C92B87D00D721E1 /* MenuController.swift */; };
		B617D0F12C92C01600D721E1 /* VisitorsFormView.swift in Sources */ = {isa = PBXBuildFile; fileRef = B617D0F02C92C01600D721E1 /* VisitorsFormView.swift */; };
		B617D1012C92C2B200D721E1 /* Frameworks.framework in Frameworks */ = {isa = PBXBuildFile; fileRef = B617D0FB2C92C2B200D721E1 /* Frameworks.framework */; };
		B617D1022C92C2B200D721E1 /* Frameworks.framework in Embed Frameworks */ = {isa = PBXBuildFile; fileRef = B617D0FB2C92C2B200D721E1 /* Frameworks.framework */; settings = {ATTRIBUTES = (CodeSignOnCopy, RemoveHeadersOnCopy, ); }; };
		B617D1082C92D13D00D721E1 /* VisitorsСhart.swift in Sources */ = {isa = PBXBuildFile; fileRef = B617D1072C92D13D00D721E1 /* VisitorsСhart.swift */; };
		B617D10B2C92D47E00D721E1 /* CustomCells.swift in Sources */ = {isa = PBXBuildFile; fileRef = B617D10A2C92D47E00D721E1 /* CustomCells.swift */; };
		B617D10D2C92D62A00D721E1 /* dateTime.swift in Sources */ = {isa = PBXBuildFile; fileRef = B617D10C2C92D62A00D721E1 /* dateTime.swift */; };
		B617D10F2C92E70300D721E1 /* ChartView.swift in Sources */ = {isa = PBXBuildFile; fileRef = B617D10E2C92E70300D721E1 /* ChartView.swift */; };
		B617D1132C93415B00D721E1 /* DGCharts in Frameworks */ = {isa = PBXBuildFile; productRef = B617D1122C93415B00D721E1 /* DGCharts */; };
/* End PBXBuildFile section */

/* Begin PBXContainerItemProxy section */
		B617D0FF2C92C2B200D721E1 /* PBXContainerItemProxy */ = {
			isa = PBXContainerItemProxy;
			containerPortal = B617CFEF2C9285F300D721E1 /* Project object */;
			proxyType = 1;
			remoteGlobalIDString = B617D0FA2C92C2B200D721E1;
			remoteInfo = Frameworks;
		};
/* End PBXContainerItemProxy section */

/* Begin PBXCopyFilesBuildPhase section */
		B617D0202C92902800D721E1 /* Embed Frameworks */ = {
			isa = PBXCopyFilesBuildPhase;
			buildActionMask = 2147483647;
			dstPath = "";
			dstSubfolderSpec = 10;
			files = (
				B617D0482C92987300D721E1 /* RealmSwift in Embed Frameworks */,
				B617D1022C92C2B200D721E1 /* Frameworks.framework in Embed Frameworks */,
			);
			name = "Embed Frameworks";
			runOnlyForDeploymentPostprocessing = 0;
		};
/* End PBXCopyFilesBuildPhase section */

/* Begin PBXFileReference section */
		B617CFF72C9285F300D721E1 /* Statistics-App.app */ = {isa = PBXFileReference; explicitFileType = wrapper.application; includeInIndex = 0; path = "Statistics-App.app"; sourceTree = BUILT_PRODUCTS_DIR; };
		B617CFFA2C9285F300D721E1 /* AppDelegate.swift */ = {isa = PBXFileReference; lastKnownFileType = sourcecode.swift; path = AppDelegate.swift; sourceTree = "<group>"; };
		B617CFFE2C9285F300D721E1 /* MenuView.swift */ = {isa = PBXFileReference; lastKnownFileType = sourcecode.swift; path = MenuView.swift; sourceTree = "<group>"; };
		B617D0012C9285F300D721E1 /* Base */ = {isa = PBXFileReference; lastKnownFileType = file.storyboard; name = Base; path = Base.lproj/Main.storyboard; sourceTree = "<group>"; };
		B617D0032C9285F400D721E1 /* Assets.xcassets */ = {isa = PBXFileReference; lastKnownFileType = folder.assetcatalog; path = Assets.xcassets; sourceTree = "<group>"; };
		B617D0062C9285F400D721E1 /* Base */ = {isa = PBXFileReference; lastKnownFileType = file.storyboard; name = Base; path = Base.lproj/LaunchScreen.storyboard; sourceTree = "<group>"; };
		B617D0082C9285F400D721E1 /* Info.plist */ = {isa = PBXFileReference; lastKnownFileType = text.plist.xml; path = Info.plist; sourceTree = "<group>"; };
		B617D03C2C92934500D721E1 /* ApiService.swift */ = {isa = PBXFileReference; lastKnownFileType = sourcecode.swift; path = ApiService.swift; sourceTree = "<group>"; };
		B617D0422C92947E00D721E1 /* ViewersModel.swift */ = {isa = PBXFileReference; lastKnownFileType = sourcecode.swift; path = ViewersModel.swift; sourceTree = "<group>"; };
		B617D0452C9294C800D721E1 /* UsersModel.swift */ = {isa = PBXFileReference; lastKnownFileType = sourcecode.swift; path = UsersModel.swift; sourceTree = "<group>"; };
		B617D04C2C929C5A00D721E1 /* RealmModels.swift */ = {isa = PBXFileReference; lastKnownFileType = sourcecode.swift; path = RealmModels.swift; sourceTree = "<group>"; };
		B617D04F2C929CEE00D721E1 /* RealmManager.swift */ = {isa = PBXFileReference; lastKnownFileType = sourcecode.swift; path = RealmManager.swift; sourceTree = "<group>"; };
		B617D0E42C92A1D300D721E1 /* Design+View.swift */ = {isa = PBXFileReference; fileEncoding = 4; lastKnownFileType = sourcecode.swift; path = "Design+View.swift"; sourceTree = "<group>"; };
		B617D0E52C92A1D300D721E1 /* Font+Colors.swift */ = {isa = PBXFileReference; fileEncoding = 4; lastKnownFileType = sourcecode.swift; path = "Font+Colors.swift"; sourceTree = "<group>"; };
		B617D0EA2C92B7F300D721E1 /* MenuAssembly.swift */ = {isa = PBXFileReference; lastKnownFileType = sourcecode.swift; path = MenuAssembly.swift; sourceTree = "<group>"; };
		B617D0ED2C92B87D00D721E1 /* MenuController.swift */ = {isa = PBXFileReference; lastKnownFileType = sourcecode.swift; path = MenuController.swift; sourceTree = "<group>"; };
		B617D0F02C92C01600D721E1 /* VisitorsFormView.swift */ = {isa = PBXFileReference; lastKnownFileType = sourcecode.swift; path = VisitorsFormView.swift; sourceTree = "<group>"; };
		B617D0FB2C92C2B200D721E1 /* Frameworks.framework */ = {isa = PBXFileReference; explicitFileType = wrapper.framework; includeInIndex = 0; path = Frameworks.framework; sourceTree = BUILT_PRODUCTS_DIR; };
		B617D1072C92D13D00D721E1 /* VisitorsСhart.swift */ = {isa = PBXFileReference; lastKnownFileType = sourcecode.swift; path = "VisitorsСhart.swift"; sourceTree = "<group>"; };
		B617D10A2C92D47E00D721E1 /* CustomCells.swift */ = {isa = PBXFileReference; lastKnownFileType = sourcecode.swift; path = CustomCells.swift; sourceTree = "<group>"; };
		B617D10C2C92D62A00D721E1 /* dateTime.swift */ = {isa = PBXFileReference; lastKnownFileType = sourcecode.swift; path = dateTime.swift; sourceTree = "<group>"; };
		B617D10E2C92E70300D721E1 /* ChartView.swift */ = {isa = PBXFileReference; lastKnownFileType = sourcecode.swift; path = ChartView.swift; sourceTree = "<group>"; };
/* End PBXFileReference section */

/* Begin PBXFrameworksBuildPhase section */
		B617CFF42C9285F300D721E1 /* Frameworks */ = {
			isa = PBXFrameworksBuildPhase;
			buildActionMask = 2147483647;
			files = (
				B617D0262C9291C400D721E1 /* SnapKit in Frameworks */,
				B617D1012C92C2B200D721E1 /* Frameworks.framework in Frameworks */,
				B617D1132C93415B00D721E1 /* DGCharts in Frameworks */,
				B617D0232C92912F00D721E1 /* RealmSwift in Frameworks */,
				B617D0292C9292AA00D721E1 /* RxSwift in Frameworks */,
			);
			runOnlyForDeploymentPostprocessing = 0;
		};
		B617D0F82C92C2B200D721E1 /* Frameworks */ = {
			isa = PBXFrameworksBuildPhase;
			buildActionMask = 2147483647;
			files = (
			);
			runOnlyForDeploymentPostprocessing = 0;
		};
/* End PBXFrameworksBuildPhase section */

/* Begin PBXGroup section */
		B617CFEE2C9285F300D721E1 = {
			isa = PBXGroup;
			children = (
				B617CFF92C9285F300D721E1 /* Statistics-App */,
				B617D0FC2C92C2B200D721E1 /* Frameworks */,
				B617CFF82C9285F300D721E1 /* Products */,
			);
			sourceTree = "<group>";
		};
		B617CFF82C9285F300D721E1 /* Products */ = {
			isa = PBXGroup;
			children = (
				B617CFF72C9285F300D721E1 /* Statistics-App.app */,
				B617D0FB2C92C2B200D721E1 /* Frameworks.framework */,
			);
			name = Products;
			sourceTree = "<group>";
		};
		B617CFF92C9285F300D721E1 /* Statistics-App */ = {
			isa = PBXGroup;
			children = (
				B617D0522C929CF700D721E1 /* Helper */,
				B617D0412C9293E400D721E1 /* Models */,
				B617D0F32C92C08000D721E1 /* CustomViews */,
				B617D0492C9298A500D721E1 /* MenuFlow */,
				B617D0402C9293BC00D721E1 /* Resourses */,
				B617CFFA2C9285F300D721E1 /* AppDelegate.swift */,
				B617D0082C9285F400D721E1 /* Info.plist */,
			);
			path = "Statistics-App";
			sourceTree = "<group>";
		};
		B617D03F2C92939A00D721E1 /* Other */ = {
			isa = PBXGroup;
			children = (
				B617D0002C9285F300D721E1 /* Main.storyboard */,
				B617D0052C9285F400D721E1 /* LaunchScreen.storyboard */,
			);
			path = Other;
			sourceTree = "<group>";
		};
		B617D0402C9293BC00D721E1 /* Resourses */ = {
			isa = PBXGroup;
			children = (
				B617D03F2C92939A00D721E1 /* Other */,
				B617D0032C9285F400D721E1 /* Assets.xcassets */,
			);
			path = Resourses;
			sourceTree = "<group>";
		};
		B617D0412C9293E400D721E1 /* Models */ = {
			isa = PBXGroup;
			children = (
				B617D0422C92947E00D721E1 /* ViewersModel.swift */,
				B617D0452C9294C800D721E1 /* UsersModel.swift */,
				B617D04C2C929C5A00D721E1 /* RealmModels.swift */,
				B617D10C2C92D62A00D721E1 /* dateTime.swift */,
			);
			path = Models;
			sourceTree = "<group>";
		};
		B617D0492C9298A500D721E1 /* MenuFlow */ = {
			isa = PBXGroup;
			children = (
				B617D0EA2C92B7F300D721E1 /* MenuAssembly.swift */,
				B617D0ED2C92B87D00D721E1 /* MenuController.swift */,
				B617CFFE2C9285F300D721E1 /* MenuView.swift */,
			);
			path = MenuFlow;
			sourceTree = "<group>";
		};
		B617D0522C929CF700D721E1 /* Helper */ = {
			isa = PBXGroup;
			children = (
				B617D0E42C92A1D300D721E1 /* Design+View.swift */,
				B617D0E52C92A1D300D721E1 /* Font+Colors.swift */,
			);
			path = Helper;
			sourceTree = "<group>";
		};
		B617D0542C929D4500D721E1 /* RealmStorage */ = {
			isa = PBXGroup;
			children = (
				B617D04F2C929CEE00D721E1 /* RealmManager.swift */,
			);
			path = RealmStorage;
			sourceTree = "<group>";
		};
		B617D0F32C92C08000D721E1 /* CustomViews */ = {
			isa = PBXGroup;
			children = (
				B617D1092C92D47200D721E1 /* Cells+Components */,
				B617D0F02C92C01600D721E1 /* VisitorsFormView.swift */,
				B617D1072C92D13D00D721E1 /* VisitorsСhart.swift */,
			);
			path = CustomViews;
			sourceTree = "<group>";
		};
		B617D0FC2C92C2B200D721E1 /* Frameworks */ = {
			isa = PBXGroup;
			children = (
				B617D0542C929D4500D721E1 /* RealmStorage */,
				B617D1062C92C2D500D721E1 /* API */,
			);
			path = Frameworks;
			sourceTree = "<group>";
		};
		B617D1062C92C2D500D721E1 /* API */ = {
			isa = PBXGroup;
			children = (
				B617D03C2C92934500D721E1 /* ApiService.swift */,
			);
			path = API;
			sourceTree = "<group>";
		};
		B617D1092C92D47200D721E1 /* Cells+Components */ = {
			isa = PBXGroup;
			children = (
				B617D10A2C92D47E00D721E1 /* CustomCells.swift */,
				B617D10E2C92E70300D721E1 /* ChartView.swift */,
			);
			path = "Cells+Components";
			sourceTree = "<group>";
		};
/* End PBXGroup section */

/* Begin PBXHeadersBuildPhase section */
		B617D0F62C92C2B200D721E1 /* Headers */ = {
			isa = PBXHeadersBuildPhase;
			buildActionMask = 2147483647;
			files = (
			);
			runOnlyForDeploymentPostprocessing = 0;
		};
/* End PBXHeadersBuildPhase section */

/* Begin PBXNativeTarget section */
		B617CFF62C9285F300D721E1 /* Statistics-App */ = {
			isa = PBXNativeTarget;
			buildConfigurationList = B617D00B2C9285F400D721E1 /* Build configuration list for PBXNativeTarget "Statistics-App" */;
			buildPhases = (
				B617CFF32C9285F300D721E1 /* Sources */,
				B617CFF42C9285F300D721E1 /* Frameworks */,
				B617CFF52C9285F300D721E1 /* Resources */,
				B617D0202C92902800D721E1 /* Embed Frameworks */,
			);
			buildRules = (
			);
			dependencies = (
				B617D1002C92C2B200D721E1 /* PBXTargetDependency */,
			);
			name = "Statistics-App";
			packageProductDependencies = (
				B617D0222C92912F00D721E1 /* RealmSwift */,
				B617D0252C9291C400D721E1 /* SnapKit */,
				B617D0282C9292AA00D721E1 /* RxSwift */,
				B617D1122C93415B00D721E1 /* DGCharts */,
			);
			productName = "Statistics-App";
			productReference = B617CFF72C9285F300D721E1 /* Statistics-App.app */;
			productType = "com.apple.product-type.application";
		};
		B617D0FA2C92C2B200D721E1 /* Frameworks */ = {
			isa = PBXNativeTarget;
			buildConfigurationList = B617D1032C92C2B200D721E1 /* Build configuration list for PBXNativeTarget "Frameworks" */;
			buildPhases = (
				B617D0F62C92C2B200D721E1 /* Headers */,
				B617D0F72C92C2B200D721E1 /* Sources */,
				B617D0F82C92C2B200D721E1 /* Frameworks */,
				B617D0F92C92C2B200D721E1 /* Resources */,
			);
			buildRules = (
			);
			dependencies = (
			);
			name = Frameworks;
			productName = Frameworks;
			productReference = B617D0FB2C92C2B200D721E1 /* Frameworks.framework */;
			productType = "com.apple.product-type.framework";
		};
/* End PBXNativeTarget section */

/* Begin PBXProject section */
		B617CFEF2C9285F300D721E1 /* Project object */ = {
			isa = PBXProject;
			attributes = {
				BuildIndependentTargetsInParallel = 1;
				LastSwiftUpdateCheck = 1540;
				LastUpgradeCheck = 1540;
				TargetAttributes = {
					B617CFF62C9285F300D721E1 = {
						CreatedOnToolsVersion = 15.4;
					};
					B617D0FA2C92C2B200D721E1 = {
						CreatedOnToolsVersion = 15.4;
					};
				};
			};
			buildConfigurationList = B617CFF22C9285F300D721E1 /* Build configuration list for PBXProject "Statistics-App" */;
			compatibilityVersion = "Xcode 14.0";
			developmentRegion = en;
			hasScannedForEncodings = 0;
			knownRegions = (
				en,
				Base,
			);
			mainGroup = B617CFEE2C9285F300D721E1;
			packageReferences = (
				B617D0212C92912E00D721E1 /* XCRemoteSwiftPackageReference "realm-swift" */,
				B617D0242C9291C400D721E1 /* XCRemoteSwiftPackageReference "SnapKit" */,
				B617D0272C9292AA00D721E1 /* XCRemoteSwiftPackageReference "RxSwift" */,
				B617D1112C93415B00D721E1 /* XCRemoteSwiftPackageReference "Charts" */,
			);
			productRefGroup = B617CFF82C9285F300D721E1 /* Products */;
			projectDirPath = "";
			projectRoot = "";
			targets = (
				B617CFF62C9285F300D721E1 /* Statistics-App */,
				B617D0FA2C92C2B200D721E1 /* Frameworks */,
			);
		};
/* End PBXProject section */

/* Begin PBXResourcesBuildPhase section */
		B617CFF52C9285F300D721E1 /* Resources */ = {
			isa = PBXResourcesBuildPhase;
			buildActionMask = 2147483647;
			files = (
				B617D0042C9285F400D721E1 /* Assets.xcassets in Resources */,
				B617D0072C9285F400D721E1 /* Base in Resources */,
				B617D0022C9285F300D721E1 /* Base in Resources */,
			);
			runOnlyForDeploymentPostprocessing = 0;
		};
		B617D0F92C92C2B200D721E1 /* Resources */ = {
			isa = PBXResourcesBuildPhase;
			buildActionMask = 2147483647;
			files = (
			);
			runOnlyForDeploymentPostprocessing = 0;
		};
/* End PBXResourcesBuildPhase section */

/* Begin PBXSourcesBuildPhase section */
		B617CFF32C9285F300D721E1 /* Sources */ = {
			isa = PBXSourcesBuildPhase;
			buildActionMask = 2147483647;
			files = (
				B617D0E82C92A1D300D721E1 /* Font+Colors.swift in Sources */,
				B617D0E62C92A1D300D721E1 /* Design+View.swift in Sources */,
				B617CFFF2C9285F300D721E1 /* MenuView.swift in Sources */,
				B617D0F12C92C01600D721E1 /* VisitorsFormView.swift in Sources */,
				B617D1082C92D13D00D721E1 /* VisitorsСhart.swift in Sources */,
				B617CFFB2C9285F300D721E1 /* AppDelegate.swift in Sources */,
				B617D0462C9294C800D721E1 /* UsersModel.swift in Sources */,
				B617D10F2C92E70300D721E1 /* ChartView.swift in Sources */,
				B617D0EE2C92B87D00D721E1 /* MenuController.swift in Sources */,
				B617D04D2C929C5A00D721E1 /* RealmModels.swift in Sources */,
				B617D0EB2C92B7F300D721E1 /* MenuAssembly.swift in Sources */,
				B617D10B2C92D47E00D721E1 /* CustomCells.swift in Sources */,
				B617D0432C92947E00D721E1 /* ViewersModel.swift in Sources */,
				B617D10D2C92D62A00D721E1 /* dateTime.swift in Sources */,
				B617D0502C929CEE00D721E1 /* RealmManager.swift in Sources */,
				B617D03D2C92934500D721E1 /* ApiService.swift in Sources */,
			);
			runOnlyForDeploymentPostprocessing = 0;
		};
		B617D0F72C92C2B200D721E1 /* Sources */ = {
			isa = PBXSourcesBuildPhase;
			buildActionMask = 2147483647;
			files = (
			);
			runOnlyForDeploymentPostprocessing = 0;
		};
/* End PBXSourcesBuildPhase section */

/* Begin PBXTargetDependency section */
		B617D1002C92C2B200D721E1 /* PBXTargetDependency */ = {
			isa = PBXTargetDependency;
			target = B617D0FA2C92C2B200D721E1 /* Frameworks */;
			targetProxy = B617D0FF2C92C2B200D721E1 /* PBXContainerItemProxy */;
		};
/* End PBXTargetDependency section */

/* Begin PBXVariantGroup section */
		B617D0002C9285F300D721E1 /* Main.storyboard */ = {
			isa = PBXVariantGroup;
			children = (
				B617D0012C9285F300D721E1 /* Base */,
			);
			name = Main.storyboard;
			sourceTree = "<group>";
		};
		B617D0052C9285F400D721E1 /* LaunchScreen.storyboard */ = {
			isa = PBXVariantGroup;
			children = (
				B617D0062C9285F400D721E1 /* Base */,
			);
			name = LaunchScreen.storyboard;
			sourceTree = "<group>";
		};
/* End PBXVariantGroup section */

/* Begin XCBuildConfiguration section */
		B617D0092C9285F400D721E1 /* Debug */ = {
			isa = XCBuildConfiguration;
			buildSettings = {
				ALWAYS_SEARCH_USER_PATHS = NO;
				ASSETCATALOG_COMPILER_GENERATE_SWIFT_ASSET_SYMBOL_EXTENSIONS = YES;
				CLANG_ANALYZER_NONNULL = YES;
				CLANG_ANALYZER_NUMBER_OBJECT_CONVERSION = YES_AGGRESSIVE;
				CLANG_CXX_LANGUAGE_STANDARD = "gnu++20";
				CLANG_ENABLE_MODULES = YES;
				CLANG_ENABLE_OBJC_ARC = YES;
				CLANG_ENABLE_OBJC_WEAK = YES;
				CLANG_WARN_BLOCK_CAPTURE_AUTORELEASING = YES;
				CLANG_WARN_BOOL_CONVERSION = YES;
				CLANG_WARN_COMMA = YES;
				CLANG_WARN_CONSTANT_CONVERSION = YES;
				CLANG_WARN_DEPRECATED_OBJC_IMPLEMENTATIONS = YES;
				CLANG_WARN_DIRECT_OBJC_ISA_USAGE = YES_ERROR;
				CLANG_WARN_DOCUMENTATION_COMMENTS = YES;
				CLANG_WARN_EMPTY_BODY = YES;
				CLANG_WARN_ENUM_CONVERSION = YES;
				CLANG_WARN_INFINITE_RECURSION = YES;
				CLANG_WARN_INT_CONVERSION = YES;
				CLANG_WARN_NON_LITERAL_NULL_CONVERSION = YES;
				CLANG_WARN_OBJC_IMPLICIT_RETAIN_SELF = YES;
				CLANG_WARN_OBJC_LITERAL_CONVERSION = YES;
				CLANG_WARN_OBJC_ROOT_CLASS = YES_ERROR;
				CLANG_WARN_QUOTED_INCLUDE_IN_FRAMEWORK_HEADER = YES;
				CLANG_WARN_RANGE_LOOP_ANALYSIS = YES;
				CLANG_WARN_STRICT_PROTOTYPES = YES;
				CLANG_WARN_SUSPICIOUS_MOVE = YES;
				CLANG_WARN_UNGUARDED_AVAILABILITY = YES_AGGRESSIVE;
				CLANG_WARN_UNREACHABLE_CODE = YES;
				CLANG_WARN__DUPLICATE_METHOD_MATCH = YES;
				COPY_PHASE_STRIP = NO;
				DEBUG_INFORMATION_FORMAT = dwarf;
				ENABLE_STRICT_OBJC_MSGSEND = YES;
				ENABLE_TESTABILITY = YES;
				ENABLE_USER_SCRIPT_SANDBOXING = YES;
				GCC_C_LANGUAGE_STANDARD = gnu17;
				GCC_DYNAMIC_NO_PIC = NO;
				GCC_NO_COMMON_BLOCKS = YES;
				GCC_OPTIMIZATION_LEVEL = 0;
				GCC_PREPROCESSOR_DEFINITIONS = (
					"DEBUG=1",
					"$(inherited)",
				);
				GCC_WARN_64_TO_32_BIT_CONVERSION = YES;
				GCC_WARN_ABOUT_RETURN_TYPE = YES_ERROR;
				GCC_WARN_UNDECLARED_SELECTOR = YES;
				GCC_WARN_UNINITIALIZED_AUTOS = YES_AGGRESSIVE;
				GCC_WARN_UNUSED_FUNCTION = YES;
				GCC_WARN_UNUSED_VARIABLE = YES;
				IPHONEOS_DEPLOYMENT_TARGET = 17.5;
				LOCALIZATION_PREFERS_STRING_CATALOGS = YES;
				MTL_ENABLE_DEBUG_INFO = INCLUDE_SOURCE;
				MTL_FAST_MATH = YES;
				ONLY_ACTIVE_ARCH = YES;
				SDKROOT = iphoneos;
				SWIFT_ACTIVE_COMPILATION_CONDITIONS = "DEBUG $(inherited)";
				SWIFT_OPTIMIZATION_LEVEL = "-Onone";
			};
			name = Debug;
		};
		B617D00A2C9285F400D721E1 /* Release */ = {
			isa = XCBuildConfiguration;
			buildSettings = {
				ALWAYS_SEARCH_USER_PATHS = NO;
				ASSETCATALOG_COMPILER_GENERATE_SWIFT_ASSET_SYMBOL_EXTENSIONS = YES;
				CLANG_ANALYZER_NONNULL = YES;
				CLANG_ANALYZER_NUMBER_OBJECT_CONVERSION = YES_AGGRESSIVE;
				CLANG_CXX_LANGUAGE_STANDARD = "gnu++20";
				CLANG_ENABLE_MODULES = YES;
				CLANG_ENABLE_OBJC_ARC = YES;
				CLANG_ENABLE_OBJC_WEAK = YES;
				CLANG_WARN_BLOCK_CAPTURE_AUTORELEASING = YES;
				CLANG_WARN_BOOL_CONVERSION = YES;
				CLANG_WARN_COMMA = YES;
				CLANG_WARN_CONSTANT_CONVERSION = YES;
				CLANG_WARN_DEPRECATED_OBJC_IMPLEMENTATIONS = YES;
				CLANG_WARN_DIRECT_OBJC_ISA_USAGE = YES_ERROR;
				CLANG_WARN_DOCUMENTATION_COMMENTS = YES;
				CLANG_WARN_EMPTY_BODY = YES;
				CLANG_WARN_ENUM_CONVERSION = YES;
				CLANG_WARN_INFINITE_RECURSION = YES;
				CLANG_WARN_INT_CONVERSION = YES;
				CLANG_WARN_NON_LITERAL_NULL_CONVERSION = YES;
				CLANG_WARN_OBJC_IMPLICIT_RETAIN_SELF = YES;
				CLANG_WARN_OBJC_LITERAL_CONVERSION = YES;
				CLANG_WARN_OBJC_ROOT_CLASS = YES_ERROR;
				CLANG_WARN_QUOTED_INCLUDE_IN_FRAMEWORK_HEADER = YES;
				CLANG_WARN_RANGE_LOOP_ANALYSIS = YES;
				CLANG_WARN_STRICT_PROTOTYPES = YES;
				CLANG_WARN_SUSPICIOUS_MOVE = YES;
				CLANG_WARN_UNGUARDED_AVAILABILITY = YES_AGGRESSIVE;
				CLANG_WARN_UNREACHABLE_CODE = YES;
				CLANG_WARN__DUPLICATE_METHOD_MATCH = YES;
				COPY_PHASE_STRIP = NO;
				DEBUG_INFORMATION_FORMAT = "dwarf-with-dsym";
				ENABLE_NS_ASSERTIONS = NO;
				ENABLE_STRICT_OBJC_MSGSEND = YES;
				ENABLE_USER_SCRIPT_SANDBOXING = YES;
				GCC_C_LANGUAGE_STANDARD = gnu17;
				GCC_NO_COMMON_BLOCKS = YES;
				GCC_WARN_64_TO_32_BIT_CONVERSION = YES;
				GCC_WARN_ABOUT_RETURN_TYPE = YES_ERROR;
				GCC_WARN_UNDECLARED_SELECTOR = YES;
				GCC_WARN_UNINITIALIZED_AUTOS = YES_AGGRESSIVE;
				GCC_WARN_UNUSED_FUNCTION = YES;
				GCC_WARN_UNUSED_VARIABLE = YES;
				IPHONEOS_DEPLOYMENT_TARGET = 17.5;
				LOCALIZATION_PREFERS_STRING_CATALOGS = YES;
				MTL_ENABLE_DEBUG_INFO = NO;
				MTL_FAST_MATH = YES;
				SDKROOT = iphoneos;
				SWIFT_COMPILATION_MODE = wholemodule;
				VALIDATE_PRODUCT = YES;
			};
			name = Release;
		};
		B617D00C2C9285F400D721E1 /* Debug */ = {
			isa = XCBuildConfiguration;
			buildSettings = {
				ALWAYS_EMBED_SWIFT_STANDARD_LIBRARIES = YES;
				ASSETCATALOG_COMPILER_APPICON_NAME = AppIcon;
				ASSETCATALOG_COMPILER_GLOBAL_ACCENT_COLOR_NAME = AccentColor;
				CODE_SIGN_STYLE = Automatic;
				CURRENT_PROJECT_VERSION = 1;
				DEVELOPMENT_TEAM = JC7MTK2ADS;
				GENERATE_INFOPLIST_FILE = YES;
				INFOPLIST_FILE = "Statistics-App/Info.plist";
				INFOPLIST_KEY_UIApplicationSupportsIndirectInputEvents = YES;
				INFOPLIST_KEY_UILaunchStoryboardName = LaunchScreen;
				INFOPLIST_KEY_UIMainStoryboardFile = Main;
				INFOPLIST_KEY_UISupportedInterfaceOrientations_iPad = "UIInterfaceOrientationPortrait UIInterfaceOrientationPortraitUpsideDown UIInterfaceOrientationLandscapeLeft UIInterfaceOrientationLandscapeRight";
				INFOPLIST_KEY_UISupportedInterfaceOrientations_iPhone = "UIInterfaceOrientationPortrait UIInterfaceOrientationLandscapeLeft UIInterfaceOrientationLandscapeRight";
				LD_RUNPATH_SEARCH_PATHS = (
					"$(inherited)",
					"@executable_path/Frameworks",
				);
				MARKETING_VERSION = 1.0;
				PRODUCT_BUNDLE_IDENTIFIER = "nikitaZiganshin.Statistics-App";
				PRODUCT_NAME = "$(TARGET_NAME)";
				SWIFT_EMIT_LOC_STRINGS = YES;
				SWIFT_VERSION = 5.0;
				TARGETED_DEVICE_FAMILY = "1,2";
			};
			name = Debug;
		};
		B617D00D2C9285F400D721E1 /* Release */ = {
			isa = XCBuildConfiguration;
			buildSettings = {
				ALWAYS_EMBED_SWIFT_STANDARD_LIBRARIES = YES;
				ASSETCATALOG_COMPILER_APPICON_NAME = AppIcon;
				ASSETCATALOG_COMPILER_GLOBAL_ACCENT_COLOR_NAME = AccentColor;
				CODE_SIGN_STYLE = Automatic;
				CURRENT_PROJECT_VERSION = 1;
				DEVELOPMENT_TEAM = JC7MTK2ADS;
				GENERATE_INFOPLIST_FILE = YES;
				INFOPLIST_FILE = "Statistics-App/Info.plist";
				INFOPLIST_KEY_UIApplicationSupportsIndirectInputEvents = YES;
				INFOPLIST_KEY_UILaunchStoryboardName = LaunchScreen;
				INFOPLIST_KEY_UIMainStoryboardFile = Main;
				INFOPLIST_KEY_UISupportedInterfaceOrientations_iPad = "UIInterfaceOrientationPortrait UIInterfaceOrientationPortraitUpsideDown UIInterfaceOrientationLandscapeLeft UIInterfaceOrientationLandscapeRight";
				INFOPLIST_KEY_UISupportedInterfaceOrientations_iPhone = "UIInterfaceOrientationPortrait UIInterfaceOrientationLandscapeLeft UIInterfaceOrientationLandscapeRight";
				LD_RUNPATH_SEARCH_PATHS = (
					"$(inherited)",
					"@executable_path/Frameworks",
				);
				MARKETING_VERSION = 1.0;
				PRODUCT_BUNDLE_IDENTIFIER = "nikitaZiganshin.Statistics-App";
				PRODUCT_NAME = "$(TARGET_NAME)";
				SWIFT_EMIT_LOC_STRINGS = YES;
				SWIFT_VERSION = 5.0;
				TARGETED_DEVICE_FAMILY = "1,2";
			};
			name = Release;
		};
		B617D1042C92C2B200D721E1 /* Debug */ = {
			isa = XCBuildConfiguration;
			buildSettings = {
				BUILD_LIBRARY_FOR_DISTRIBUTION = YES;
				CODE_SIGN_STYLE = Automatic;
				CURRENT_PROJECT_VERSION = 1;
				DEFINES_MODULE = YES;
				DEVELOPMENT_TEAM = JC7MTK2ADS;
				DYLIB_COMPATIBILITY_VERSION = 1;
				DYLIB_CURRENT_VERSION = 1;
				DYLIB_INSTALL_NAME_BASE = "@rpath";
				ENABLE_MODULE_VERIFIER = YES;
				GENERATE_INFOPLIST_FILE = YES;
				INFOPLIST_KEY_NSHumanReadableCopyright = "";
				INSTALL_PATH = "$(LOCAL_LIBRARY_DIR)/Frameworks";
				LD_RUNPATH_SEARCH_PATHS = (
					"$(inherited)",
					"@executable_path/Frameworks",
					"@loader_path/Frameworks",
				);
				MARKETING_VERSION = 1.0;
				MODULE_VERIFIER_SUPPORTED_LANGUAGES = "objective-c objective-c++";
				MODULE_VERIFIER_SUPPORTED_LANGUAGE_STANDARDS = "gnu17 gnu++20";
				PRODUCT_BUNDLE_IDENTIFIER = nikitaZiganshin.Frameworks;
				PRODUCT_NAME = "$(TARGET_NAME:c99extidentifier)";
				SKIP_INSTALL = YES;
				SWIFT_EMIT_LOC_STRINGS = YES;
				SWIFT_INSTALL_OBJC_HEADER = NO;
				SWIFT_VERSION = 5.0;
				TARGETED_DEVICE_FAMILY = "1,2";
				VERSIONING_SYSTEM = "apple-generic";
				VERSION_INFO_PREFIX = "";
			};
			name = Debug;
		};
		B617D1052C92C2B200D721E1 /* Release */ = {
			isa = XCBuildConfiguration;
			buildSettings = {
				BUILD_LIBRARY_FOR_DISTRIBUTION = YES;
				CODE_SIGN_STYLE = Automatic;
				CURRENT_PROJECT_VERSION = 1;
				DEFINES_MODULE = YES;
				DEVELOPMENT_TEAM = JC7MTK2ADS;
				DYLIB_COMPATIBILITY_VERSION = 1;
				DYLIB_CURRENT_VERSION = 1;
				DYLIB_INSTALL_NAME_BASE = "@rpath";
				ENABLE_MODULE_VERIFIER = YES;
				GENERATE_INFOPLIST_FILE = YES;
				INFOPLIST_KEY_NSHumanReadableCopyright = "";
				INSTALL_PATH = "$(LOCAL_LIBRARY_DIR)/Frameworks";
				LD_RUNPATH_SEARCH_PATHS = (
					"$(inherited)",
					"@executable_path/Frameworks",
					"@loader_path/Frameworks",
				);
				MARKETING_VERSION = 1.0;
				MODULE_VERIFIER_SUPPORTED_LANGUAGES = "objective-c objective-c++";
				MODULE_VERIFIER_SUPPORTED_LANGUAGE_STANDARDS = "gnu17 gnu++20";
				PRODUCT_BUNDLE_IDENTIFIER = nikitaZiganshin.Frameworks;
				PRODUCT_NAME = "$(TARGET_NAME:c99extidentifier)";
				SKIP_INSTALL = YES;
				SWIFT_EMIT_LOC_STRINGS = YES;
				SWIFT_INSTALL_OBJC_HEADER = NO;
				SWIFT_VERSION = 5.0;
				TARGETED_DEVICE_FAMILY = "1,2";
				VERSIONING_SYSTEM = "apple-generic";
				VERSION_INFO_PREFIX = "";
			};
			name = Release;
		};
/* End XCBuildConfiguration section */

/* Begin XCConfigurationList section */
		B617CFF22C9285F300D721E1 /* Build configuration list for PBXProject "Statistics-App" */ = {
			isa = XCConfigurationList;
			buildConfigurations = (
				B617D0092C9285F400D721E1 /* Debug */,
				B617D00A2C9285F400D721E1 /* Release */,
			);
			defaultConfigurationIsVisible = 0;
			defaultConfigurationName = Release;
		};
		B617D00B2C9285F400D721E1 /* Build configuration list for PBXNativeTarget "Statistics-App" */ = {
			isa = XCConfigurationList;
			buildConfigurations = (
				B617D00C2C9285F400D721E1 /* Debug */,
				B617D00D2C9285F400D721E1 /* Release */,
			);
			defaultConfigurationIsVisible = 0;
			defaultConfigurationName = Release;
		};
		B617D1032C92C2B200D721E1 /* Build configuration list for PBXNativeTarget "Frameworks" */ = {
			isa = XCConfigurationList;
			buildConfigurations = (
				B617D1042C92C2B200D721E1 /* Debug */,
				B617D1052C92C2B200D721E1 /* Release */,
			);
			defaultConfigurationIsVisible = 0;
			defaultConfigurationName = Release;
		};
/* End XCConfigurationList section */

/* Begin XCRemoteSwiftPackageReference section */
		B617D0212C92912E00D721E1 /* XCRemoteSwiftPackageReference "realm-swift" */ = {
			isa = XCRemoteSwiftPackageReference;
			repositoryURL = "https://github.com/realm/realm-swift.git";
			requirement = {
				branch = master;
				kind = branch;
			};
		};
		B617D0242C9291C400D721E1 /* XCRemoteSwiftPackageReference "SnapKit" */ = {
			isa = XCRemoteSwiftPackageReference;
			repositoryURL = "https://github.com/SnapKit/SnapKit.git";
			requirement = {
				kind = upToNextMajorVersion;
				minimumVersion = 5.7.1;
			};
		};
		B617D0272C9292AA00D721E1 /* XCRemoteSwiftPackageReference "RxSwift" */ = {
			isa = XCRemoteSwiftPackageReference;
			repositoryURL = "https://github.com/ReactiveX/RxSwift";
			requirement = {
				kind = upToNextMajorVersion;
				minimumVersion = 6.7.1;
			};
		};
		B617D1112C93415B00D721E1 /* XCRemoteSwiftPackageReference "Charts" */ = {
			isa = XCRemoteSwiftPackageReference;
			repositoryURL = "https://github.com/ChartsOrg/Charts.git";
			requirement = {
				kind = upToNextMajorVersion;
				minimumVersion = 5.1.0;
			};
		};
/* End XCRemoteSwiftPackageReference section */

/* Begin XCSwiftPackageProductDependency section */
		B617D0222C92912F00D721E1 /* RealmSwift */ = {
			isa = XCSwiftPackageProductDependency;
			package = B617D0212C92912E00D721E1 /* XCRemoteSwiftPackageReference "realm-swift" */;
			productName = RealmSwift;
		};
		B617D0252C9291C400D721E1 /* SnapKit */ = {
			isa = XCSwiftPackageProductDependency;
			package = B617D0242C9291C400D721E1 /* XCRemoteSwiftPackageReference "SnapKit" */;
			productName = SnapKit;
		};
		B617D0282C9292AA00D721E1 /* RxSwift */ = {
			isa = XCSwiftPackageProductDependency;
			package = B617D0272C9292AA00D721E1 /* XCRemoteSwiftPackageReference "RxSwift" */;
			productName = RxSwift;
		};
		B617D1122C93415B00D721E1 /* DGCharts */ = {
			isa = XCSwiftPackageProductDependency;
			package = B617D1112C93415B00D721E1 /* XCRemoteSwiftPackageReference "Charts" */;
			productName = DGCharts;
		};
/* End XCSwiftPackageProductDependency section */
	};
	rootObject = B617CFEF2C9285F300D721E1 /* Project object */;
}
